{
  "name": "question-plate",
  "lockfileVersion": 3,
  "requires": true,
  "packages": {
    "": {
      "dependencies": {
        "@js-emitter/event-emitter-light": "^1.0.3"
      }
    },
    "node_modules/@js-emitter/event-emitter-light": {
      "version": "1.0.3",
      "resolved": "https://registry.npmjs.org/@js-emitter/event-emitter-light/-/event-emitter-light-1.0.3.tgz",
      "integrity": "sha512-3dmkEk23Nn4+yT/Nlwj7Z9UKen7dMGi0yjl4rnU1u/X2F2bwV0omrAu8vqqm9ndf9ipju83uEjZu7JhmK5Gy5w=="
    }
  }
}
